
Microsoft Visual Studio Solution File, Format Version 12.00
# Visual Studio Version 17
VisualStudioVersion = 17.7.34031.279
MinimumVisualStudioVersion = 10.0.40219.1
Project("{FAE04EC0-301F-11D3-BF4B-00C04F79EFBC}") = "menu-principal", "menu-principal\menu-principal.csproj", "{F05A35CA-29DA-488B-BD59-4AC7BE8674D7}"
EndProject
Global
	GlobalSection(SolutionConfigurationPlatforms) = preSolution
		Debug|Any CPU = Debug|Any CPU
		Release|Any CPU = Release|Any CPU
	EndGlobalSection
	GlobalSection(ProjectConfigurationPlatforms) = postSolution
		{F05A35CA-29DA-488B-BD59-4AC7BE8674D7}.Debug|Any CPU.ActiveCfg = Debug|Any CPU
		{F05A35CA-29DA-488B-BD59-4AC7BE8674D7}.Debug|Any CPU.Build.0 = Debug|Any CPU
		{F05A35CA-29DA-488B-BD59-4AC7BE8674D7}.Release|Any CPU.ActiveCfg = Release|Any CPU
		{F05A35CA-29DA-488B-BD59-4AC7BE8674D7}.Release|Any CPU.Build.0 = Release|Any CPU
	EndGlobalSection
	GlobalSection(SolutionProperties) = preSolution
		HideSolutionNode = FALSE
	EndGlobalSection
	GlobalSection(ExtensibilityGlobals) = postSolution
		SolutionGuid = {F3937251-E08E-4071-B84C-09371A93B1C6}
	EndGlobalSection
EndGlobal
